// !$*UTF8*$!
{
	archiveVersion = 1;
	classes = {
	};
	objectVersion = 50;
	objects = {

/* Begin PBXBuildFile section */
		61390BD621ACC242008B84D0 /* AppDelegate.swift in Sources */ = {isa = PBXBuildFile; fileRef = 61390BD521ACC242008B84D0 /* AppDelegate.swift */; };
		61390BD821ACC242008B84D0 /* ViewController.swift in Sources */ = {isa = PBXBuildFile; fileRef = 61390BD721ACC242008B84D0 /* ViewController.swift */; };
		61390BDB21ACC242008B84D0 /* Main.storyboard in Resources */ = {isa = PBXBuildFile; fileRef = 61390BD921ACC242008B84D0 /* Main.storyboard */; };
		61390BDD21ACC244008B84D0 /* Assets.xcassets in Resources */ = {isa = PBXBuildFile; fileRef = 61390BDC21ACC244008B84D0 /* Assets.xcassets */; };
		61390BE021ACC244008B84D0 /* LaunchScreen.storyboard in Resources */ = {isa = PBXBuildFile; fileRef = 61390BDE21ACC244008B84D0 /* LaunchScreen.storyboard */; };
		61390BE921AD1592008B84D0 /* Extensions.swift in Sources */ = {isa = PBXBuildFile; fileRef = 61390BE821AD1592008B84D0 /* Extensions.swift */; };
/* End PBXBuildFile section */

/* Begin PBXFileReference section */
		61390BD221ACC242008B84D0 /* instagramFirebase.app */ = {isa = PBXFileReference; explicitFileType = wrapper.application; includeInIndex = 0; path = instagramFirebase.app; sourceTree = BUILT_PRODUCTS_DIR; };
		61390BD521ACC242008B84D0 /* AppDelegate.swift */ = {isa = PBXFileReference; lastKnownFileType = sourcecode.swift; path = AppDelegate.swift; sourceTree = "<group>"; };
		61390BD721ACC242008B84D0 /* ViewController.swift */ = {isa = PBXFileReference; lastKnownFileType = sourcecode.swift; path = ViewController.swift; sourceTree = "<group>"; };
		61390BDA21ACC242008B84D0 /* Base */ = {isa = PBXFileReference; lastKnownFileType = file.storyboard; name = Base; path = Base.lproj/Main.storyboard; sourceTree = "<group>"; };
		61390BDC21ACC244008B84D0 /* Assets.xcassets */ = {isa = PBXFileReference; lastKnownFileType = folder.assetcatalog; path = Assets.xcassets; sourceTree = "<group>"; };
		61390BDF21ACC244008B84D0 /* Base */ = {isa = PBXFileReference; lastKnownFileType = file.storyboard; name = Base; path = Base.lproj/LaunchScreen.storyboard; sourceTree = "<group>"; };
		61390BE121ACC244008B84D0 /* Info.plist */ = {isa = PBXFileReference; lastKnownFileType = text.plist.xml; path = Info.plist; sourceTree = "<group>"; };
		61390BE821AD1592008B84D0 /* Extensions.swift */ = {isa = PBXFileReference; lastKnownFileType = sourcecode.swift; path = Extensions.swift; sourceTree = "<group>"; };
/* End PBXFileReference section */

/* Begin PBXFrameworksBuildPhase section */
		61390BCF21ACC242008B84D0 /* Frameworks */ = {
			isa = PBXFrameworksBuildPhase;
			buildActionMask = 2147483647;
			files = (
			);
			runOnlyForDeploymentPostprocessing = 0;
		};
/* End PBXFrameworksBuildPhase section */

/* Begin PBXGroup section */
		61390BC921ACC242008B84D0 = {
			isa = PBXGroup;
			children = (
				61390BD421ACC242008B84D0 /* instagramFirebase */,
				61390BD321ACC242008B84D0 /* Products */,
			);
			sourceTree = "<group>";
		};
		61390BD321ACC242008B84D0 /* Products */ = {
			isa = PBXGroup;
			children = (
				61390BD221ACC242008B84D0 /* instagramFirebase.app */,
			);
			name = Products;
			sourceTree = "<group>";
		};
		61390BD421ACC242008B84D0 /* instagramFirebase */ = {
			isa = PBXGroup;
			children = (
				61390BE721AD1551008B84D0 /* Utils */,
				61390BD521ACC242008B84D0 /* AppDelegate.swift */,
				61390BD721ACC242008B84D0 /* ViewController.swift */,
				61390BD921ACC242008B84D0 /* Main.storyboard */,
				61390BDC21ACC244008B84D0 /* Assets.xcassets */,
				61390BDE21ACC244008B84D0 /* LaunchScreen.storyboard */,
				61390BE121ACC244008B84D0 /* Info.plist */,
			);
			path = instagramFirebase;
			sourceTree = "<group>";
		};
		61390BE721AD1551008B84D0 /* Utils */ = {
			isa = PBXGroup;
			children = (
				61390BE821AD1592008B84D0 /* Extensions.swift */,
			);
			path = Utils;
			sourceTree = "<group>";
		};
/* End PBXGroup section */

/* Begin PBXNativeTarget section */
		61390BD121ACC242008B84D0 /* instagramFirebase */ = {
			isa = PBXNativeTarget;
			buildConfigurationList = 61390BE421ACC244008B84D0 /* Build configuration list for PBXNativeTarget "instagramFirebase" */;
			buildPhases = (
				61390BCE21ACC242008B84D0 /* Sources */,
				61390BCF21ACC242008B84D0 /* Frameworks */,
				61390BD021ACC242008B84D0 /* Resources */,
			);
			buildRules = (
			);
			dependencies = (
			);
			name = instagramFirebase;
			productName = instagramFirebase;
			productReference = 61390BD221ACC242008B84D0 /* instagramFirebase.app */;
			productType = "com.apple.product-type.application";
		};
/* End PBXNativeTarget section */

/* Begin PBXProject section */
		61390BCA21ACC242008B84D0 /* Project object */ = {
			isa = PBXProject;
			attributes = {
				LastSwiftUpdateCheck = 1010;
				LastUpgradeCheck = 1010;
				ORGANIZATIONNAME = "Seungjun Lim";
				TargetAttributes = {
					61390BD121ACC242008B84D0 = {
						CreatedOnToolsVersion = 10.1;
					};
				};
			};
			buildConfigurationList = 61390BCD21ACC242008B84D0 /* Build configuration list for PBXProject "instagramFirebase" */;
			compatibilityVersion = "Xcode 9.3";
			developmentRegion = en;
			hasScannedForEncodings = 0;
			knownRegions = (
				en,
				Base,
			);
			mainGroup = 61390BC921ACC242008B84D0;
			productRefGroup = 61390BD321ACC242008B84D0 /* Products */;
			projectDirPath = "";
			projectRoot = "";
			targets = (
				61390BD121ACC242008B84D0 /* instagramFirebase */,
			);
		};
/* End PBXProject section */

/* Begin PBXResourcesBuildPhase section */
		61390BD021ACC242008B84D0 /* Resources */ = {
			isa = PBXResourcesBuildPhase;
			buildActionMask = 2147483647;
			files = (
				61390BE021ACC244008B84D0 /* LaunchScreen.storyboard in Resources */,
				61390BDD21ACC244008B84D0 /* Assets.xcassets in Resources */,
				61390BDB21ACC242008B84D0 /* Main.storyboard in Resources */,
			);
			runOnlyForDeploymentPostprocessing = 0;
		};
/* End PBXResourcesBuildPhase section */

/* Begin PBXSourcesBuildPhase section */
		61390BCE21ACC242008B84D0 /* Sources */ = {
			isa = PBXSourcesBuildPhase;
			buildActionMask = 2147483647;
			files = (
				61390BD821ACC242008B84D0 /* ViewController.swift in Sources */,
				61390BE921AD1592008B84D0 /* Extensions.swift in Sources */,
				61390BD621ACC242008B84D0 /* AppDelegate.swift in Sources */,
			);
			runOnlyForDeploymentPostprocessing = 0;
		};
/* End PBXSourcesBuildPhase section */

/* Begin PBXVariantGroup section */
		61390BD921ACC242008B84D0 /* Main.storyboard */ = {
			isa = PBXVariantGroup;
			children = (
				61390BDA21ACC242008B84D0 /* Base */,
			);
			name = Main.storyboard;
			sourceTree = "<group>";
		};
		61390BDE21ACC244008B84D0 /* LaunchScreen.storyboard */ = {
			isa = PBXVariantGroup;
			children = (
				61390BDF21ACC244008B84D0 /* Base */,
			);
			name = LaunchScreen.storyboard;
			sourceTree = "<group>";
		};
/* End PBXVariantGroup section */

/* Begin XCBuildConfiguration section */
		61390BE221ACC244008B84D0 /* Debug */ = {
			isa = XCBuildConfiguration;
			buildSettings = {
				ALWAYS_SEARCH_USER_PATHS = NO;
				CLANG_ANALYZER_NONNULL = YES;
				CLANG_ANALYZER_NUMBER_OBJECT_CONVERSION = YES_AGGRESSIVE;
				CLANG_CXX_LANGUAGE_STANDARD = "gnu++14";
				CLANG_CXX_LIBRARY = "libc++";
				CLANG_ENABLE_MODULES = YES;
				CLANG_ENABLE_OBJC_ARC = YES;
				CLANG_ENABLE_OBJC_WEAK = YES;
				CLANG_WARN_BLOCK_CAPTURE_AUTORELEASING = YES;
				CLANG_WARN_BOOL_CONVERSION = YES;
				CLANG_WARN_COMMA = YES;
				CLANG_WARN_CONSTANT_CONVERSION = YES;
				CLANG_WARN_DEPRECATED_OBJC_IMPLEMENTATIONS = YES;
				CLANG_WARN_DIRECT_OBJC_ISA_USAGE = YES_ERROR;
				CLANG_WARN_DOCUMENTATION_COMMENTS = YES;
				CLANG_WARN_EMPTY_BODY = YES;
				CLANG_WARN_ENUM_CONVERSION = YES;
				CLANG_WARN_INFINITE_RECURSION = YES;
				CLANG_WARN_INT_CONVERSION = YES;
				CLANG_WARN_NON_LITERAL_NULL_CONVERSION = YES;
				CLANG_WARN_OBJC_IMPLICIT_RETAIN_SELF = YES;
				CLANG_WARN_OBJC_LITERAL_CONVERSION = YES;
				CLANG_WARN_OBJC_ROOT_CLASS = YES_ERROR;
				CLANG_WARN_RANGE_LOOP_ANALYSIS = YES;
				CLANG_WARN_STRICT_PROTOTYPES = YES;
				CLANG_WARN_SUSPICIOUS_MOVE = YES;
				CLANG_WARN_UNGUARDED_AVAILABILITY = YES_AGGRESSIVE;
				CLANG_WARN_UNREACHABLE_CODE = YES;
				CLANG_WARN__DUPLICATE_METHOD_MATCH = YES;
				CODE_SIGN_IDENTITY = "iPhone Developer";
				COPY_PHASE_STRIP = NO;
				DEBUG_INFORMATION_FORMAT = dwarf;
				ENABLE_STRICT_OBJC_MSGSEND = YES;
				ENABLE_TESTABILITY = YES;
				GCC_C_LANGUAGE_STANDARD = gnu11;
				GCC_DYNAMIC_NO_PIC = NO;
				GCC_NO_COMMON_BLOCKS = YES;
				GCC_OPTIMIZATION_LEVEL = 0;
				GCC_PREPROCESSOR_DEFINITIONS = (
					"DEBUG=1",
					"$(inherited)",
				);
				GCC_WARN_64_TO_32_BIT_CONVERSION = YES;
				GCC_WARN_ABOUT_RETURN_TYPE = YES_ERROR;
				GCC_WARN_UNDECLARED_SELECTOR = YES;
				GCC_WARN_UNINITIALIZED_AUTOS = YES_AGGRESSIVE;
				GCC_WARN_UNUSED_FUNCTION = YES;
				GCC_WARN_UNUSED_VARIABLE = YES;
				IPHONEOS_DEPLOYMENT_TARGET = 12.1;
				MTL_ENABLE_DEBUG_INFO = INCLUDE_SOURCE;
				MTL_FAST_MATH = YES;
				ONLY_ACTIVE_ARCH = YES;
				SDKROOT = iphoneos;
				SWIFT_ACTIVE_COMPILATION_CONDITIONS = DEBUG;
				SWIFT_OPTIMIZATION_LEVEL = "-Onone";
			};
			name = Debug;
		};
		61390BE321ACC244008B84D0 /* Release */ = {
			isa = XCBuildConfiguration;
			buildSettings = {
				ALWAYS_SEARCH_USER_PATHS = NO;
				CLANG_ANALYZER_NONNULL = YES;
				CLANG_ANALYZER_NUMBER_OBJECT_CONVERSION = YES_AGGRESSIVE;
				CLANG_CXX_LANGUAGE_STANDARD = "gnu++14";
				CLANG_CXX_LIBRARY = "libc++";
				CLANG_ENABLE_MODULES = YES;
				CLANG_ENABLE_OBJC_ARC = YES;
				CLANG_ENABLE_OBJC_WEAK = YES;
				CLANG_WARN_BLOCK_CAPTURE_AUTORELEASING = YES;
				CLANG_WARN_BOOL_CONVERSION = YES;
				CLANG_WARN_COMMA = YES;
				CLANG_WARN_CONSTANT_CONVERSION = YES;
				CLANG_WARN_DEPRECATED_OBJC_IMPLEMENTATIONS = YES;
				CLANG_WARN_DIRECT_OBJC_ISA_USAGE = YES_ERROR;
				CLANG_WARN_DOCUMENTATION_COMMENTS = YES;
				CLANG_WARN_EMPTY_BODY = YES;
				CLANG_WARN_ENUM_CONVERSION = YES;
				CLANG_WARN_INFINITE_RECURSION = YES;
				CLANG_WARN_INT_CONVERSION = YES;
				CLANG_WARN_NON_LITERAL_NULL_CONVERSION = YES;
				CLANG_WARN_OBJC_IMPLICIT_RETAIN_SELF = YES;
				CLANG_WARN_OBJC_LITERAL_CONVERSION = YES;
				CLANG_WARN_OBJC_ROOT_CLASS = YES_ERROR;
				CLANG_WARN_RANGE_LOOP_ANALYSIS = YES;
				CLANG_WARN_STRICT_PROTOTYPES = YES;
				CLANG_WARN_SUSPICIOUS_MOVE = YES;
				CLANG_WARN_UNGUARDED_AVAILABILITY = YES_AGGRESSIVE;
				CLANG_WARN_UNREACHABLE_CODE = YES;
				CLANG_WARN__DUPLICATE_METHOD_MATCH = YES;
				CODE_SIGN_IDENTITY = "iPhone Developer";
				COPY_PHASE_STRIP = NO;
				DEBUG_INFORMATION_FORMAT = "dwarf-with-dsym";
				ENABLE_NS_ASSERTIONS = NO;
				ENABLE_STRICT_OBJC_MSGSEND = YES;
				GCC_C_LANGUAGE_STANDARD = gnu11;
				GCC_NO_COMMON_BLOCKS = YES;
				GCC_WARN_64_TO_32_BIT_CONVERSION = YES;
				GCC_WARN_ABOUT_RETURN_TYPE = YES_ERROR;
				GCC_WARN_UNDECLARED_SELECTOR = YES;
				GCC_WARN_UNINITIALIZED_AUTOS = YES_AGGRESSIVE;
				GCC_WARN_UNUSED_FUNCTION = YES;
				GCC_WARN_UNUSED_VARIABLE = YES;
				IPHONEOS_DEPLOYMENT_TARGET = 12.1;
				MTL_ENABLE_DEBUG_INFO = NO;
				MTL_FAST_MATH = YES;
				SDKROOT = iphoneos;
				SWIFT_COMPILATION_MODE = wholemodule;
				SWIFT_OPTIMIZATION_LEVEL = "-O";
				VALIDATE_PRODUCT = YES;
			};
			name = Release;
		};
		61390BE521ACC244008B84D0 /* Debug */ = {
			isa = XCBuildConfiguration;
			buildSettings = {
				ASSETCATALOG_COMPILER_APPICON_NAME = AppIcon;
				CODE_SIGN_STYLE = Automatic;
				DEVELOPMENT_TEAM = 2N3RNKY3RM;
				INFOPLIST_FILE = instagramFirebase/Info.plist;
				LD_RUNPATH_SEARCH_PATHS = (
					"$(inherited)",
					"@executable_path/Frameworks",
				);
				PRODUCT_BUNDLE_IDENTIFIER = redreamsoft.instagramFirebase;
				PRODUCT_NAME = "$(TARGET_NAME)";
				SWIFT_VERSION = 4.2;
				TARGETED_DEVICE_FAMILY = "1,2";
			};
			name = Debug;
		};
		61390BE621ACC244008B84D0 /* Release */ = {
			isa = XCBuildConfiguration;
			buildSettings = {
				ASSETCATALOG_COMPILER_APPICON_NAME = AppIcon;
				CODE_SIGN_STYLE = Automatic;
				DEVELOPMENT_TEAM = 2N3RNKY3RM;
				INFOPLIST_FILE = instagramFirebase/Info.plist;
				LD_RUNPATH_SEARCH_PATHS = (
					"$(inherited)",
					"@executable_path/Frameworks",
				);
				PRODUCT_BUNDLE_IDENTIFIER = redreamsoft.instagramFirebase;
				PRODUCT_NAME = "$(TARGET_NAME)";
				SWIFT_VERSION = 4.2;
				TARGETED_DEVICE_FAMILY = "1,2";
			};
			name = Release;
		};
/* End XCBuildConfiguration section */

/* Begin XCConfigurationList section */
		61390BCD21ACC242008B84D0 /* Build configuration list for PBXProject "instagramFirebase" */ = {
			isa = XCConfigurationList;
			buildConfigurations = (
				61390BE221ACC244008B84D0 /* Debug */,
				61390BE321ACC244008B84D0 /* Release */,
			);
			defaultConfigurationIsVisible = 0;
			defaultConfigurationName = Release;
		};
		61390BE421ACC244008B84D0 /* Build configuration list for PBXNativeTarget "instagramFirebase" */ = {
			isa = XCConfigurationList;
			buildConfigurations = (
				61390BE521ACC244008B84D0 /* Debug */,
				61390BE621ACC244008B84D0 /* Release */,
			);
			defaultConfigurationIsVisible = 0;
			defaultConfigurationName = Release;
		};
/* End XCConfigurationList section */
	};
	rootObject = 61390BCA21ACC242008B84D0 /* Project object */;
}
